
Microsoft Visual Studio Solution File, Format Version 12.00
# Visual Studio Version 17
VisualStudioVersion = 17.4.32804.182
MinimumVisualStudioVersion = 10.0.40219.1
Project("{9A19103F-16F7-4668-BE54-9A1E7A4F7556}") = "SerializationBenchmarks", "SerializationBenchmarks.csproj", "{60C8F385-0FF6-4288-89DB-6E0F318A07A0}"
EndProject
Global
	GlobalSection(SolutionConfigurationPlatforms) = preSolution
		Debug|Any CPU = Debug|Any CPU
		Release|Any CPU = Release|Any CPU
	EndGlobalSection
	GlobalSection(ProjectConfigurationPlatforms) = postSolution
		{60C8F385-0FF6-4288-89DB-6E0F318A07A0}.Debug|Any CPU.ActiveCfg = Debug|Any CPU
		{60C8F385-0FF6-4288-89DB-6E0F318A07A0}.Debug|Any CPU.Build.0 = Debug|Any CPU
		{60C8F385-0FF6-4288-89DB-6E0F318A07A0}.Release|Any CPU.ActiveCfg = Release|Any CPU
		{60C8F385-0FF6-4288-89DB-6E0F318A07A0}.Release|Any CPU.Build.0 = Release|Any CPU
	EndGlobalSection
	GlobalSection(SolutionProperties) = preSolution
		HideSolutionNode = FALSE
	EndGlobalSection
	GlobalSection(ExtensibilityGlobals) = postSolution
		SolutionGuid = {575C3A64-C192-457C-9E84-86A8ECCCCE33}
	EndGlobalSection
EndGlobal
